// !$*UTF8*$!
{
	archiveVersion = 1;
	classes = {
	};
	objectVersion = 56;
	objects = {

/* Begin PBXBuildFile section */
		456435E62C09087B00E84B62 /* DrPlantApp.swift in Sources */ = {isa = PBXBuildFile; fileRef = 456435E52C09087B00E84B62 /* DrPlantApp.swift */; };
		456435E82C09087B00E84B62 /* ContentView.swift in Sources */ = {isa = PBXBuildFile; fileRef = 456435E72C09087B00E84B62 /* ContentView.swift */; };
		456435EA2C09087E00E84B62 /* Assets.xcassets in Resources */ = {isa = PBXBuildFile; fileRef = 456435E92C09087E00E84B62 /* Assets.xcassets */; };
		456435ED2C09087E00E84B62 /* Preview Assets.xcassets in Resources */ = {isa = PBXBuildFile; fileRef = 456435EC2C09087E00E84B62 /* Preview Assets.xcassets */; };
		456435FE2C09118F00E84B62 /* TabBar.swift in Sources */ = {isa = PBXBuildFile; fileRef = 456435FD2C09118F00E84B62 /* TabBar.swift */; };
/* End PBXBuildFile section */

/* Begin PBXFileReference section */
		456435E22C09087B00E84B62 /* DrPlant.app */ = {isa = PBXFileReference; explicitFileType = wrapper.application; includeInIndex = 0; path = DrPlant.app; sourceTree = BUILT_PRODUCTS_DIR; };
		456435E52C09087B00E84B62 /* DrPlantApp.swift */ = {isa = PBXFileReference; lastKnownFileType = sourcecode.swift; path = DrPlantApp.swift; sourceTree = "<group>"; };
		456435E72C09087B00E84B62 /* ContentView.swift */ = {isa = PBXFileReference; lastKnownFileType = sourcecode.swift; path = ContentView.swift; sourceTree = "<group>"; };
		456435E92C09087E00E84B62 /* Assets.xcassets */ = {isa = PBXFileReference; lastKnownFileType = folder.assetcatalog; path = Assets.xcassets; sourceTree = "<group>"; };
		456435EC2C09087E00E84B62 /* Preview Assets.xcassets */ = {isa = PBXFileReference; lastKnownFileType = folder.assetcatalog; path = "Preview Assets.xcassets"; sourceTree = "<group>"; };
		456435FD2C09118F00E84B62 /* TabBar.swift */ = {isa = PBXFileReference; lastKnownFileType = sourcecode.swift; path = TabBar.swift; sourceTree = "<group>"; };
/* End PBXFileReference section */

/* Begin PBXFrameworksBuildPhase section */
		456435DF2C09087B00E84B62 /* Frameworks */ = {
			isa = PBXFrameworksBuildPhase;
			buildActionMask = 2147483647;
			files = (
			);
			runOnlyForDeploymentPostprocessing = 0;
		};
/* End PBXFrameworksBuildPhase section */

/* Begin PBXGroup section */
		456435D92C09087B00E84B62 = {
			isa = PBXGroup;
			children = (
				456435E42C09087B00E84B62 /* DrPlant */,
				456435E32C09087B00E84B62 /* Products */,
			);
			sourceTree = "<group>";
		};
		456435E32C09087B00E84B62 /* Products */ = {
			isa = PBXGroup;
			children = (
				456435E22C09087B00E84B62 /* DrPlant.app */,
			);
			name = Products;
			sourceTree = "<group>";
		};
		456435E42C09087B00E84B62 /* DrPlant */ = {
			isa = PBXGroup;
			children = (
				456435F32C090DFD00E84B62 /* App */,
				456435F42C090E5400E84B62 /* AppKit */,
				456435F92C090EAC00E84B62 /* Home */,
				456435FA2C090EB600E84B62 /* Recources */,
				456435EB2C09087E00E84B62 /* Preview Content */,
			);
			path = DrPlant;
			sourceTree = "<group>";
		};
		456435EB2C09087E00E84B62 /* Preview Content */ = {
			isa = PBXGroup;
			children = (
				456435EC2C09087E00E84B62 /* Preview Assets.xcassets */,
			);
			path = "Preview Content";
			sourceTree = "<group>";
		};
		456435F32C090DFD00E84B62 /* App */ = {
			isa = PBXGroup;
			children = (
				456435E52C09087B00E84B62 /* DrPlantApp.swift */,
				456435E72C09087B00E84B62 /* ContentView.swift */,
			);
			path = App;
			sourceTree = "<group>";
		};
		456435F42C090E5400E84B62 /* AppKit */ = {
			isa = PBXGroup;
			children = (
				456435F82C090E9100E84B62 /* Services */,
				456435F72C090E8400E84B62 /* Extension */,
				456435F52C090E6A00E84B62 /* UI */,
			);
			path = AppKit;
			sourceTree = "<group>";
		};
		456435F52C090E6A00E84B62 /* UI */ = {
			isa = PBXGroup;
			children = (
				456435F62C090E7400E84B62 /* Components */,
			);
			path = UI;
			sourceTree = "<group>";
		};
		456435F62C090E7400E84B62 /* Components */ = {
			isa = PBXGroup;
			children = (
				456435FB2C09117200E84B62 /* TabBar */,
			);
			path = Components;
			sourceTree = "<group>";
		};
		456435F72C090E8400E84B62 /* Extension */ = {
			isa = PBXGroup;
			children = (
			);
			path = Extension;
			sourceTree = "<group>";
		};
		456435F82C090E9100E84B62 /* Services */ = {
			isa = PBXGroup;
			children = (
			);
			path = Services;
			sourceTree = "<group>";
		};
		456435F92C090EAC00E84B62 /* Home */ = {
			isa = PBXGroup;
			children = (
			);
			path = Home;
			sourceTree = "<group>";
		};
		456435FA2C090EB600E84B62 /* Recources */ = {
			isa = PBXGroup;
			children = (
				456435E92C09087E00E84B62 /* Assets.xcassets */,
			);
			path = Recources;
			sourceTree = "<group>";
		};
		456435FB2C09117200E84B62 /* TabBar */ = {
			isa = PBXGroup;
			children = (
				456435FD2C09118F00E84B62 /* TabBar.swift */,
			);
			path = TabBar;
			sourceTree = "<group>";
		};
/* End PBXGroup section */

/* Begin PBXNativeTarget section */
		456435E12C09087B00E84B62 /* DrPlant */ = {
			isa = PBXNativeTarget;
			buildConfigurationList = 456435F02C09087E00E84B62 /* Build configuration list for PBXNativeTarget "DrPlant" */;
			buildPhases = (
				456435DE2C09087B00E84B62 /* Sources */,
				456435DF2C09087B00E84B62 /* Frameworks */,
				456435E02C09087B00E84B62 /* Resources */,
			);
			buildRules = (
			);
			dependencies = (
			);
			name = DrPlant;
			productName = DrPlant;
			productReference = 456435E22C09087B00E84B62 /* DrPlant.app */;
			productType = "com.apple.product-type.application";
		};
/* End PBXNativeTarget section */

/* Begin PBXProject section */
		456435DA2C09087B00E84B62 /* Project object */ = {
			isa = PBXProject;
			attributes = {
				BuildIndependentTargetsInParallel = 1;
				LastSwiftUpdateCheck = 1420;
				LastUpgradeCheck = 1420;
				TargetAttributes = {
					456435E12C09087B00E84B62 = {
						CreatedOnToolsVersion = 14.2;
					};
				};
			};
			buildConfigurationList = 456435DD2C09087B00E84B62 /* Build configuration list for PBXProject "DrPlant" */;
			compatibilityVersion = "Xcode 14.0";
			developmentRegion = en;
			hasScannedForEncodings = 0;
			knownRegions = (
				en,
				Base,
			);
			mainGroup = 456435D92C09087B00E84B62;
			productRefGroup = 456435E32C09087B00E84B62 /* Products */;
			projectDirPath = "";
			projectRoot = "";
			targets = (
				456435E12C09087B00E84B62 /* DrPlant */,
			);
		};
/* End PBXProject section */

/* Begin PBXResourcesBuildPhase section */
		456435E02C09087B00E84B62 /* Resources */ = {
			isa = PBXResourcesBuildPhase;
			buildActionMask = 2147483647;
			files = (
				456435ED2C09087E00E84B62 /* Preview Assets.xcassets in Resources */,
				456435EA2C09087E00E84B62 /* Assets.xcassets in Resources */,
			);
			runOnlyForDeploymentPostprocessing = 0;
		};
/* End PBXResourcesBuildPhase section */

/* Begin PBXSourcesBuildPhase section */
		456435DE2C09087B00E84B62 /* Sources */ = {
			isa = PBXSourcesBuildPhase;
			buildActionMask = 2147483647;
			files = (
				456435FE2C09118F00E84B62 /* TabBar.swift in Sources */,
				456435E82C09087B00E84B62 /* ContentView.swift in Sources */,
				456435E62C09087B00E84B62 /* DrPlantApp.swift in Sources */,
			);
			runOnlyForDeploymentPostprocessing = 0;
		};
/* End PBXSourcesBuildPhase section */

/* Begin XCBuildConfiguration section */
		456435EE2C09087E00E84B62 /* Debug */ = {
			isa = XCBuildConfiguration;
			buildSettings = {
				ALWAYS_SEARCH_USER_PATHS = NO;
				CLANG_ANALYZER_NONNULL = YES;
				CLANG_ANALYZER_NUMBER_OBJECT_CONVERSION = YES_AGGRESSIVE;
				CLANG_CXX_LANGUAGE_STANDARD = "gnu++20";
				CLANG_ENABLE_MODULES = YES;
				CLANG_ENABLE_OBJC_ARC = YES;
				CLANG_ENABLE_OBJC_WEAK = YES;
				CLANG_WARN_BLOCK_CAPTURE_AUTORELEASING = YES;
				CLANG_WARN_BOOL_CONVERSION = YES;
				CLANG_WARN_COMMA = YES;
				CLANG_WARN_CONSTANT_CONVERSION = YES;
				CLANG_WARN_DEPRECATED_OBJC_IMPLEMENTATIONS = YES;
				CLANG_WARN_DIRECT_OBJC_ISA_USAGE = YES_ERROR;
				CLANG_WARN_DOCUMENTATION_COMMENTS = YES;
				CLANG_WARN_EMPTY_BODY = YES;
				CLANG_WARN_ENUM_CONVERSION = YES;
				CLANG_WARN_INFINITE_RECURSION = YES;
				CLANG_WARN_INT_CONVERSION = YES;
				CLANG_WARN_NON_LITERAL_NULL_CONVERSION = YES;
				CLANG_WARN_OBJC_IMPLICIT_RETAIN_SELF = YES;
				CLANG_WARN_OBJC_LITERAL_CONVERSION = YES;
				CLANG_WARN_OBJC_ROOT_CLASS = YES_ERROR;
				CLANG_WARN_QUOTED_INCLUDE_IN_FRAMEWORK_HEADER = YES;
				CLANG_WARN_RANGE_LOOP_ANALYSIS = YES;
				CLANG_WARN_STRICT_PROTOTYPES = YES;
				CLANG_WARN_SUSPICIOUS_MOVE = YES;
				CLANG_WARN_UNGUARDED_AVAILABILITY = YES_AGGRESSIVE;
				CLANG_WARN_UNREACHABLE_CODE = YES;
				CLANG_WARN__DUPLICATE_METHOD_MATCH = YES;
				COPY_PHASE_STRIP = NO;
				DEBUG_INFORMATION_FORMAT = dwarf;
				ENABLE_STRICT_OBJC_MSGSEND = YES;
				ENABLE_TESTABILITY = YES;
				GCC_C_LANGUAGE_STANDARD = gnu11;
				GCC_DYNAMIC_NO_PIC = NO;
				GCC_NO_COMMON_BLOCKS = YES;
				GCC_OPTIMIZATION_LEVEL = 0;
				GCC_PREPROCESSOR_DEFINITIONS = (
					"DEBUG=1",
					"$(inherited)",
				);
				GCC_WARN_64_TO_32_BIT_CONVERSION = YES;
				GCC_WARN_ABOUT_RETURN_TYPE = YES_ERROR;
				GCC_WARN_UNDECLARED_SELECTOR = YES;
				GCC_WARN_UNINITIALIZED_AUTOS = YES_AGGRESSIVE;
				GCC_WARN_UNUSED_FUNCTION = YES;
				GCC_WARN_UNUSED_VARIABLE = YES;
				IPHONEOS_DEPLOYMENT_TARGET = 16.2;
				MTL_ENABLE_DEBUG_INFO = INCLUDE_SOURCE;
				MTL_FAST_MATH = YES;
				ONLY_ACTIVE_ARCH = YES;
				SDKROOT = iphoneos;
				SWIFT_ACTIVE_COMPILATION_CONDITIONS = DEBUG;
				SWIFT_OPTIMIZATION_LEVEL = "-Onone";
			};
			name = Debug;
		};
		456435EF2C09087E00E84B62 /* Release */ = {
			isa = XCBuildConfiguration;
			buildSettings = {
				ALWAYS_SEARCH_USER_PATHS = NO;
				CLANG_ANALYZER_NONNULL = YES;
				CLANG_ANALYZER_NUMBER_OBJECT_CONVERSION = YES_AGGRESSIVE;
				CLANG_CXX_LANGUAGE_STANDARD = "gnu++20";
				CLANG_ENABLE_MODULES = YES;
				CLANG_ENABLE_OBJC_ARC = YES;
				CLANG_ENABLE_OBJC_WEAK = YES;
				CLANG_WARN_BLOCK_CAPTURE_AUTORELEASING = YES;
				CLANG_WARN_BOOL_CONVERSION = YES;
				CLANG_WARN_COMMA = YES;
				CLANG_WARN_CONSTANT_CONVERSION = YES;
				CLANG_WARN_DEPRECATED_OBJC_IMPLEMENTATIONS = YES;
				CLANG_WARN_DIRECT_OBJC_ISA_USAGE = YES_ERROR;
				CLANG_WARN_DOCUMENTATION_COMMENTS = YES;
				CLANG_WARN_EMPTY_BODY = YES;
				CLANG_WARN_ENUM_CONVERSION = YES;
				CLANG_WARN_INFINITE_RECURSION = YES;
				CLANG_WARN_INT_CONVERSION = YES;
				CLANG_WARN_NON_LITERAL_NULL_CONVERSION = YES;
				CLANG_WARN_OBJC_IMPLICIT_RETAIN_SELF = YES;
				CLANG_WARN_OBJC_LITERAL_CONVERSION = YES;
				CLANG_WARN_OBJC_ROOT_CLASS = YES_ERROR;
				CLANG_WARN_QUOTED_INCLUDE_IN_FRAMEWORK_HEADER = YES;
				CLANG_WARN_RANGE_LOOP_ANALYSIS = YES;
				CLANG_WARN_STRICT_PROTOTYPES = YES;
				CLANG_WARN_SUSPICIOUS_MOVE = YES;
				CLANG_WARN_UNGUARDED_AVAILABILITY = YES_AGGRESSIVE;
				CLANG_WARN_UNREACHABLE_CODE = YES;
				CLANG_WARN__DUPLICATE_METHOD_MATCH = YES;
				COPY_PHASE_STRIP = NO;
				DEBUG_INFORMATION_FORMAT = "dwarf-with-dsym";
				ENABLE_NS_ASSERTIONS = NO;
				ENABLE_STRICT_OBJC_MSGSEND = YES;
				GCC_C_LANGUAGE_STANDARD = gnu11;
				GCC_NO_COMMON_BLOCKS = YES;
				GCC_WARN_64_TO_32_BIT_CONVERSION = YES;
				GCC_WARN_ABOUT_RETURN_TYPE = YES_ERROR;
				GCC_WARN_UNDECLARED_SELECTOR = YES;
				GCC_WARN_UNINITIALIZED_AUTOS = YES_AGGRESSIVE;
				GCC_WARN_UNUSED_FUNCTION = YES;
				GCC_WARN_UNUSED_VARIABLE = YES;
				IPHONEOS_DEPLOYMENT_TARGET = 16.2;
				MTL_ENABLE_DEBUG_INFO = NO;
				MTL_FAST_MATH = YES;
				SDKROOT = iphoneos;
				SWIFT_COMPILATION_MODE = wholemodule;
				SWIFT_OPTIMIZATION_LEVEL = "-O";
				VALIDATE_PRODUCT = YES;
			};
			name = Release;
		};
		456435F12C09087E00E84B62 /* Debug */ = {
			isa = XCBuildConfiguration;
			buildSettings = {
				ASSETCATALOG_COMPILER_APPICON_NAME = AppIcon;
				ASSETCATALOG_COMPILER_GLOBAL_ACCENT_COLOR_NAME = AccentColor;
				CODE_SIGN_STYLE = Automatic;
				CURRENT_PROJECT_VERSION = 1;
				DEVELOPMENT_ASSET_PATHS = "\"DrPlant/Preview Content\"";
				DEVELOPMENT_TEAM = JKPC7V57YU;
				ENABLE_PREVIEWS = YES;
				GENERATE_INFOPLIST_FILE = YES;
				INFOPLIST_KEY_UIApplicationSceneManifest_Generation = YES;
				INFOPLIST_KEY_UIApplicationSupportsIndirectInputEvents = YES;
				INFOPLIST_KEY_UILaunchScreen_Generation = YES;
				INFOPLIST_KEY_UISupportedInterfaceOrientations_iPad = "UIInterfaceOrientationPortrait UIInterfaceOrientationPortraitUpsideDown UIInterfaceOrientationLandscapeLeft UIInterfaceOrientationLandscapeRight";
				INFOPLIST_KEY_UISupportedInterfaceOrientations_iPhone = "UIInterfaceOrientationPortrait UIInterfaceOrientationLandscapeLeft UIInterfaceOrientationLandscapeRight";
				LD_RUNPATH_SEARCH_PATHS = (
					"$(inherited)",
					"@executable_path/Frameworks",
				);
				MARKETING_VERSION = 1.0;
				PRODUCT_BUNDLE_IDENTIFIER = ubt.DrPlant;
				PRODUCT_NAME = "$(TARGET_NAME)";
				SWIFT_EMIT_LOC_STRINGS = YES;
				SWIFT_VERSION = 5.0;
				TARGETED_DEVICE_FAMILY = "1,2";
			};
			name = Debug;
		};
		456435F22C09087E00E84B62 /* Release */ = {
			isa = XCBuildConfiguration;
			buildSettings = {
				ASSETCATALOG_COMPILER_APPICON_NAME = AppIcon;
				ASSETCATALOG_COMPILER_GLOBAL_ACCENT_COLOR_NAME = AccentColor;
				CODE_SIGN_STYLE = Automatic;
				CURRENT_PROJECT_VERSION = 1;
				DEVELOPMENT_ASSET_PATHS = "\"DrPlant/Preview Content\"";
				DEVELOPMENT_TEAM = JKPC7V57YU;
				ENABLE_PREVIEWS = YES;
				GENERATE_INFOPLIST_FILE = YES;
				INFOPLIST_KEY_UIApplicationSceneManifest_Generation = YES;
				INFOPLIST_KEY_UIApplicationSupportsIndirectInputEvents = YES;
				INFOPLIST_KEY_UILaunchScreen_Generation = YES;
				INFOPLIST_KEY_UISupportedInterfaceOrientations_iPad = "UIInterfaceOrientationPortrait UIInterfaceOrientationPortraitUpsideDown UIInterfaceOrientationLandscapeLeft UIInterfaceOrientationLandscapeRight";
				INFOPLIST_KEY_UISupportedInterfaceOrientations_iPhone = "UIInterfaceOrientationPortrait UIInterfaceOrientationLandscapeLeft UIInterfaceOrientationLandscapeRight";
				LD_RUNPATH_SEARCH_PATHS = (
					"$(inherited)",
					"@executable_path/Frameworks",
				);
				MARKETING_VERSION = 1.0;
				PRODUCT_BUNDLE_IDENTIFIER = ubt.DrPlant;
				PRODUCT_NAME = "$(TARGET_NAME)";
				SWIFT_EMIT_LOC_STRINGS = YES;
				SWIFT_VERSION = 5.0;
				TARGETED_DEVICE_FAMILY = "1,2";
			};
			name = Release;
		};
/* End XCBuildConfiguration section */

/* Begin XCConfigurationList section */
		456435DD2C09087B00E84B62 /* Build configuration list for PBXProject "DrPlant" */ = {
			isa = XCConfigurationList;
			buildConfigurations = (
				456435EE2C09087E00E84B62 /* Debug */,
				456435EF2C09087E00E84B62 /* Release */,
			);
			defaultConfigurationIsVisible = 0;
			defaultConfigurationName = Release;
		};
		456435F02C09087E00E84B62 /* Build configuration list for PBXNativeTarget "DrPlant" */ = {
			isa = XCConfigurationList;
			buildConfigurations = (
				456435F12C09087E00E84B62 /* Debug */,
				456435F22C09087E00E84B62 /* Release */,
			);
			defaultConfigurationIsVisible = 0;
			defaultConfigurationName = Release;
		};
/* End XCConfigurationList section */
	};
	rootObject = 456435DA2C09087B00E84B62 /* Project object */;
}
